
Microsoft Visual Studio Solution File, Format Version 12.00
# Visual Studio Version 17
VisualStudioVersion = 17.3.32819.101
MinimumVisualStudioVersion = 10.0.40219.1
Project("{FAE04EC0-301F-11D3-BF4B-00C04F79EFBC}") = "SistemaMatriz", "SistemaMatriz\SistemaMatriz.csproj", "{E3CE8D2D-FEF9-4643-BAF6-6AF1FB5E6EC5}"
EndProject
Global
	GlobalSection(SolutionConfigurationPlatforms) = preSolution
		Debug|Any CPU = Debug|Any CPU
		Release|Any CPU = Release|Any CPU
	EndGlobalSection
	GlobalSection(ProjectConfigurationPlatforms) = postSolution
		{E3CE8D2D-FEF9-4643-BAF6-6AF1FB5E6EC5}.Debug|Any CPU.ActiveCfg = Debug|Any CPU
		{E3CE8D2D-FEF9-4643-BAF6-6AF1FB5E6EC5}.Debug|Any CPU.Build.0 = Debug|Any CPU
		{E3CE8D2D-FEF9-4643-BAF6-6AF1FB5E6EC5}.Release|Any CPU.ActiveCfg = Release|Any CPU
		{E3CE8D2D-FEF9-4643-BAF6-6AF1FB5E6EC5}.Release|Any CPU.Build.0 = Release|Any CPU
	EndGlobalSection
	GlobalSection(SolutionProperties) = preSolution
		HideSolutionNode = FALSE
	EndGlobalSection
	GlobalSection(ExtensibilityGlobals) = postSolution
		SolutionGuid = {80AEE0C9-18FA-406B-97D3-92DC2CFD7C09}
	EndGlobalSection
EndGlobal
